
Microsoft Visual Studio Solution File, Format Version 12.00
Project("{FAE04EC0-301F-11D3-BF4B-00C04F79EFBC}") = "NewsPortal", "NewsPortal.csproj", "{C2DF980B-7067-498F-A85E-686BDCA24609}"
EndProject
Global
	GlobalSection(SolutionConfigurationPlatforms) = preSolution
		Debug|Any CPU = Debug|Any CPU
		Release|Any CPU = Release|Any CPU
	EndGlobalSection
	GlobalSection(ProjectConfigurationPlatforms) = postSolution
		{C2DF980B-7067-498F-A85E-686BDCA24609}.Debug|Any CPU.ActiveCfg = Debug|Any CPU
		{C2DF980B-7067-498F-A85E-686BDCA24609}.Debug|Any CPU.Build.0 = Debug|Any CPU
		{C2DF980B-7067-498F-A85E-686BDCA24609}.Release|Any CPU.ActiveCfg = Release|Any CPU
		{C2DF980B-7067-498F-A85E-686BDCA24609}.Release|Any CPU.Build.0 = Release|Any CPU
	EndGlobalSection
EndGlobal
